
Microsoft Visual Studio Solution File, Format Version 12.00
# Visual Studio Version 17
VisualStudioVersion = 17.7.34031.279
MinimumVisualStudioVersion = 10.0.40219.1
Project("{9A19103F-16F7-4668-BE54-9A1E7A4F7556}") = "ProyectoClinica", "ProyectoClinica.csproj", "{442B2CE0-DF6E-4C7C-BEE1-F6D1FD7C26D7}"
EndProject
Project("{9A19103F-16F7-4668-BE54-9A1E7A4F7556}") = "Entidades", "Entidades\Entidades.csproj", "{3F819799-13A2-490A-8FF4-037DBA36CE25}"
EndProject
Project("{9A19103F-16F7-4668-BE54-9A1E7A4F7556}") = "Services", "Services\Services.csproj", "{BC80C325-312D-4F96-A725-79B0F90C74D7}"
EndProject
Global
	GlobalSection(SolutionConfigurationPlatforms) = preSolution
		Debug|Any CPU = Debug|Any CPU
		Release|Any CPU = Release|Any CPU
	EndGlobalSection
	GlobalSection(ProjectConfigurationPlatforms) = postSolution
		{442B2CE0-DF6E-4C7C-BEE1-F6D1FD7C26D7}.Debug|Any CPU.ActiveCfg = Debug|Any CPU
		{442B2CE0-DF6E-4C7C-BEE1-F6D1FD7C26D7}.Debug|Any CPU.Build.0 = Debug|Any CPU
		{442B2CE0-DF6E-4C7C-BEE1-F6D1FD7C26D7}.Release|Any CPU.ActiveCfg = Release|Any CPU
		{442B2CE0-DF6E-4C7C-BEE1-F6D1FD7C26D7}.Release|Any CPU.Build.0 = Release|Any CPU
		{3F819799-13A2-490A-8FF4-037DBA36CE25}.Debug|Any CPU.ActiveCfg = Debug|Any CPU
		{3F819799-13A2-490A-8FF4-037DBA36CE25}.Debug|Any CPU.Build.0 = Debug|Any CPU
		{3F819799-13A2-490A-8FF4-037DBA36CE25}.Release|Any CPU.ActiveCfg = Release|Any CPU
		{3F819799-13A2-490A-8FF4-037DBA36CE25}.Release|Any CPU.Build.0 = Release|Any CPU
		{BC80C325-312D-4F96-A725-79B0F90C74D7}.Debug|Any CPU.ActiveCfg = Debug|Any CPU
		{BC80C325-312D-4F96-A725-79B0F90C74D7}.Debug|Any CPU.Build.0 = Debug|Any CPU
		{BC80C325-312D-4F96-A725-79B0F90C74D7}.Release|Any CPU.ActiveCfg = Release|Any CPU
		{BC80C325-312D-4F96-A725-79B0F90C74D7}.Release|Any CPU.Build.0 = Release|Any CPU
	EndGlobalSection
	GlobalSection(SolutionProperties) = preSolution
		HideSolutionNode = FALSE
	EndGlobalSection
	GlobalSection(ExtensibilityGlobals) = postSolution
		SolutionGuid = {8D0FB9E7-67F0-4BF8-84DA-DA0310FDC931}
	EndGlobalSection
EndGlobal
